
Microsoft Visual Studio Solution File, Format Version 12.00
# Visual Studio 15
Project("{FAE04EC0-301F-11D3-BF4B-00C04F79EFBC}") = "Flee From Pangolins", "Assembly-CSharp.csproj", "{7FF0FE33-29B6-C43E-E1C3-5C5B75AE2944}"
EndProject
Global
	GlobalSection(SolutionConfigurationPlatforms) = preSolution
		Debug|Any CPU = Debug|Any CPU
		Release|Any CPU = Release|Any CPU
	EndGlobalSection
	GlobalSection(ProjectConfigurationPlatforms) = postSolution
		{7FF0FE33-29B6-C43E-E1C3-5C5B75AE2944}.Debug|Any CPU.ActiveCfg = Debug|Any CPU
		{7FF0FE33-29B6-C43E-E1C3-5C5B75AE2944}.Debug|Any CPU.Build.0 = Debug|Any CPU
		{7FF0FE33-29B6-C43E-E1C3-5C5B75AE2944}.Release|Any CPU.ActiveCfg = Release|Any CPU
		{7FF0FE33-29B6-C43E-E1C3-5C5B75AE2944}.Release|Any CPU.Build.0 = Release|Any CPU
	EndGlobalSection
	GlobalSection(SolutionProperties) = preSolution
		HideSolutionNode = FALSE
	EndGlobalSection
EndGlobal
